
Microsoft Visual Studio Solution File, Format Version 12.00
# Visual Studio Version 17
VisualStudioVersion = 17.9.34728.123
MinimumVisualStudioVersion = 10.0.40219.1
Project("{FAE04EC0-301F-11D3-BF4B-00C04F79EFBC}") = "BayesianUI", "BayesianUI.csproj", "{91A6085A-9D55-4376-BAD7-F67F65ABF22B}"
EndProject
Global
	GlobalSection(SolutionConfigurationPlatforms) = preSolution
		Debug|Any CPU = Debug|Any CPU
		Release|Any CPU = Release|Any CPU
	EndGlobalSection
	GlobalSection(ProjectConfigurationPlatforms) = postSolution
		{91A6085A-9D55-4376-BAD7-F67F65ABF22B}.Debug|Any CPU.ActiveCfg = Debug|Any CPU
		{91A6085A-9D55-4376-BAD7-F67F65ABF22B}.Debug|Any CPU.Build.0 = Debug|Any CPU
		{91A6085A-9D55-4376-BAD7-F67F65ABF22B}.Release|Any CPU.ActiveCfg = Release|Any CPU
		{91A6085A-9D55-4376-BAD7-F67F65ABF22B}.Release|Any CPU.Build.0 = Release|Any CPU
	EndGlobalSection
	GlobalSection(SolutionProperties) = preSolution
		HideSolutionNode = FALSE
	EndGlobalSection
	GlobalSection(ExtensibilityGlobals) = postSolution
		SolutionGuid = {6F94E37E-7B4F-4812-B715-00E88B49DC84}
	EndGlobalSection
EndGlobal
